
Microsoft Visual Studio Solution File, Format Version 12.00
# Visual Studio Version 16
VisualStudioVersion = 16.0.31729.503
MinimumVisualStudioVersion = 10.0.40219.1
Project("{FAE04EC0-301F-11D3-BF4B-00C04F79EFBC}") = "AddMulti", "AddMulti\AddMulti.csproj", "{BDB744D1-0389-4BEC-9845-E3CDF955DC5B}"
EndProject
Global
	GlobalSection(SolutionConfigurationPlatforms) = preSolution
		Debug|Any CPU = Debug|Any CPU
		Release|Any CPU = Release|Any CPU
	EndGlobalSection
	GlobalSection(ProjectConfigurationPlatforms) = postSolution
		{BDB744D1-0389-4BEC-9845-E3CDF955DC5B}.Debug|Any CPU.ActiveCfg = Debug|Any CPU
		{BDB744D1-0389-4BEC-9845-E3CDF955DC5B}.Debug|Any CPU.Build.0 = Debug|Any CPU
		{BDB744D1-0389-4BEC-9845-E3CDF955DC5B}.Release|Any CPU.ActiveCfg = Release|Any CPU
		{BDB744D1-0389-4BEC-9845-E3CDF955DC5B}.Release|Any CPU.Build.0 = Release|Any CPU
	EndGlobalSection
	GlobalSection(SolutionProperties) = preSolution
		HideSolutionNode = FALSE
	EndGlobalSection
	GlobalSection(ExtensibilityGlobals) = postSolution
		SolutionGuid = {BC2751DA-A87F-41A7-B7E0-860B534154F7}
	EndGlobalSection
EndGlobal
